# This file is automatically @generated by Cargo.
# It is not intended for manual editing.
version = 3

[[package]]
name = "adler"
version = "1.0.2"
source = "registry+https://github.com/rust-lang/crates.io-index"
checksum = "f26201604c87b1e01bd3d98f8d5d9a8fcbb815e8cedb41ffccbeb4bf593a35fe"

[[package]]
name = "adler32"
version = "1.2.0"
source = "registry+https://github.com/rust-lang/crates.io-index"
checksum = "aae1277d39aeec15cb388266ecc24b11c80469deae6067e17a1a7aa9e5c1f234"

[[package]]
name = "ahash"
version = "0.4.7"
source = "registry+https://github.com/rust-lang/crates.io-index"
checksum = "739f4a8db6605981345c5654f3a85b056ce52f37a39d34da03f25bf2151ea16e"

[[package]]
name = "approx"
version = "0.4.0"
source = "registry+https://github.com/rust-lang/crates.io-index"
checksum = "3f2a05fd1bd10b2527e20a2cd32d8873d115b8b39fe219ee25f42a8aca6ba278"
dependencies = [
 "num-traits",
]

[[package]]
name = "arrayvec"
version = "0.5.2"
source = "registry+https://github.com/rust-lang/crates.io-index"
checksum = "23b62fc65de8e4e7f52534fb52b0f3ed04746ae267519eef2a83941e8085068b"

[[package]]
name = "as-slice"
version = "0.1.5"
source = "registry+https://github.com/rust-lang/crates.io-index"
checksum = "45403b49e3954a4b8428a0ac21a4b7afadccf92bfd96273f1a58cd4812496ae0"
dependencies = [
 "generic-array 0.12.4",
 "generic-array 0.13.3",
 "generic-array 0.14.4",
 "stable_deref_trait",
]

[[package]]
name = "audir-sles"
version = "0.1.0"
source = "registry+https://github.com/rust-lang/crates.io-index"
checksum = "ea47348666a8edb7ad80cbee3940eb2bccf70df0e6ce09009abe1a836cb779f5"

[[package]]
name = "audrey"
version = "0.3.0"
source = "registry+https://github.com/rust-lang/crates.io-index"
checksum = "58b92a84e89497e3cd25d3672cd5d1c288abaac02c18ff21283f17d118b889b8"
dependencies = [
 "dasp_frame",
 "dasp_sample",
 "hound",
 "lewton",
]

[[package]]
name = "autocfg"
version = "1.0.1"
source = "registry+https://github.com/rust-lang/crates.io-index"
checksum = "cdb031dd78e28731d87d56cc8ffef4a8f36ca26c38fe2de700543e627f8a464a"

[[package]]
name = "bitflags"
version = "1.3.2"
source = "registry+https://github.com/rust-lang/crates.io-index"
checksum = "bef38d45163c2f1dde094a7dfd33ccf595c92905c8f8f4fdc18d06fb1037718a"

[[package]]
name = "bumpalo"
version = "3.8.0"
source = "registry+https://github.com/rust-lang/crates.io-index"
checksum = "8f1e260c3a9040a7c19a12468758f4c16f31a81a1fe087482be9570ec864bb6c"

[[package]]
name = "bytemuck"
version = "1.7.3"
source = "registry+https://github.com/rust-lang/crates.io-index"
checksum = "439989e6b8c38d1b6570a384ef1e49c8848128f5a97f3914baef02920842712f"

[[package]]
name = "byteorder"
version = "1.4.3"
source = "registry+https://github.com/rust-lang/crates.io-index"
checksum = "14c189c53d098945499cdfa7ecc63567cf3886b3332b312a5b4585d8d3a6a610"

[[package]]
name = "cc"
version = "1.0.72"
source = "registry+https://github.com/rust-lang/crates.io-index"
checksum = "22a9137b95ea06864e018375b72adfb7db6e6f68cfc8df5a04d00288050485ee"

[[package]]
name = "cfg-if"
version = "1.0.0"
source = "registry+https://github.com/rust-lang/crates.io-index"
checksum = "baf1de4339761588bc0619e3cbc0120ee582ebb74b53b4efbf79117bd2da40fd"

[[package]]
name = "color_quant"
version = "1.1.0"
source = "registry+https://github.com/rust-lang/crates.io-index"
checksum = "3d7b894f5411737b7867f4827955924d7c254fc9f4d91a6aad6b097804b1018b"

[[package]]
name = "crc32fast"
version = "1.3.0"
source = "registry+https://github.com/rust-lang/crates.io-index"
checksum = "738c290dfaea84fc1ca15ad9c168d083b05a714e1efddd8edaab678dc28d2836"
dependencies = [
 "cfg-if",
]

[[package]]
name = "crossbeam-channel"
version = "0.5.1"
source = "registry+https://github.com/rust-lang/crates.io-index"
checksum = "06ed27e177f16d65f0f0c22a213e17c696ace5dd64b14258b52f9417ccb52db4"
dependencies = [
 "cfg-if",
 "crossbeam-utils",
]

[[package]]
name = "crossbeam-deque"
version = "0.8.1"
source = "registry+https://github.com/rust-lang/crates.io-index"
checksum = "6455c0ca19f0d2fbf751b908d5c55c1f5cbc65e03c4225427254b46890bdde1e"
dependencies = [
 "cfg-if",
 "crossbeam-epoch",
 "crossbeam-utils",
]

[[package]]
name = "crossbeam-epoch"
version = "0.9.5"
source = "registry+https://github.com/rust-lang/crates.io-index"
checksum = "4ec02e091aa634e2c3ada4a392989e7c3116673ef0ac5b72232439094d73b7fd"
dependencies = [
 "cfg-if",
 "crossbeam-utils",
 "lazy_static",
 "memoffset",
 "scopeguard",
]

[[package]]
name = "crossbeam-utils"
version = "0.8.5"
source = "registry+https://github.com/rust-lang/crates.io-index"
checksum = "d82cfc11ce7f2c3faef78d8a684447b40d503d9681acebed6cb728d45940c4db"
dependencies = [
 "cfg-if",
 "lazy_static",
]

[[package]]
name = "dasp_frame"
version = "0.11.0"
source = "registry+https://github.com/rust-lang/crates.io-index"
checksum = "b2a3937f5fe2135702897535c8d4a5553f8b116f76c1529088797f2eee7c5cd6"
dependencies = [
 "dasp_sample",
]

[[package]]
name = "dasp_sample"
version = "0.11.0"
source = "registry+https://github.com/rust-lang/crates.io-index"
checksum = "0c87e182de0887fd5361989c677c4e8f5000cd9491d6d563161a8f3a5519fc7f"

[[package]]
name = "deflate"
version = "0.8.6"
source = "registry+https://github.com/rust-lang/crates.io-index"
checksum = "73770f8e1fe7d64df17ca66ad28994a0a623ea497fa69486e14984e715c5d174"
dependencies = [
 "adler32",
 "byteorder",
]

[[package]]
name = "either"
version = "1.6.1"
source = "registry+https://github.com/rust-lang/crates.io-index"
checksum = "e78d4f1cc4ae33bbfc157ed5d5a5ef3bc29227303d595861deb238fcec4e9457"

[[package]]
name = "euclid"
version = "0.22.6"
source = "registry+https://github.com/rust-lang/crates.io-index"
checksum = "da96828553a086d7b18dcebfc579bd9628b016f86590d7453c115e490fa74b80"
dependencies = [
 "num-traits",
]

[[package]]
name = "fast_poisson"
version = "0.5.0"
source = "registry+https://github.com/rust-lang/crates.io-index"
checksum = "479587571bf3cf272e4a13cca76a327e82a0af2ce157ef36fcfa2438759261bd"
dependencies = [
 "rand 0.8.4",
 "rand_distr",
 "rand_xoshiro",
]

[[package]]
name = "float_next_after"
version = "0.1.5"
source = "registry+https://github.com/rust-lang/crates.io-index"
checksum = "4fc612c5837986b7104a87a0df74a5460931f1c5274be12f8d0f40aa2f30d632"
dependencies = [
 "num-traits",
]

[[package]]
name = "fontdue"
version = "0.5.2"
source = "registry+https://github.com/rust-lang/crates.io-index"
checksum = "c75712fff1702bac51b7eaa5a5ca9f9853b8055ef5906088a32f4fe196595a1d"
dependencies = [
 "hashbrown",
 "ttf-parser",
]

[[package]]
name = "frontend"
version = "0.1.0"
dependencies = [
 "macroquad",
 "polymap",
 "rand 0.8.4",
 "serde",
 "serde_derive",
 "toml",
 "worldgen",
]

[[package]]
name = "generic-array"
version = "0.12.4"
source = "registry+https://github.com/rust-lang/crates.io-index"
checksum = "ffdf9f34f1447443d37393cc6c2b8313aebddcd96906caf34e54c68d8e57d7bd"
dependencies = [
 "typenum",
]

[[package]]
name = "generic-array"
version = "0.13.3"
source = "registry+https://github.com/rust-lang/crates.io-index"
checksum = "f797e67af32588215eaaab8327027ee8e71b9dd0b2b26996aedf20c030fce309"
dependencies = [
 "typenum",
]

[[package]]
name = "generic-array"
version = "0.14.4"
source = "registry+https://github.com/rust-lang/crates.io-index"
checksum = "501466ecc8a30d1d3b7fc9229b122b2ce8ed6e9d9223f1138d4babb253e51817"
dependencies = [
 "typenum",
 "version_check",
]

[[package]]
name = "geo"
version = "0.18.0"
source = "registry+https://github.com/rust-lang/crates.io-index"
checksum = "02bf7fb342abefefb0abbb8d033f37233e6f857a1a970805d15f96560834d699"
dependencies = [
 "geo-types",
 "geographiclib-rs",
 "log",
 "num-traits",
 "robust",
 "rstar",
]

[[package]]
name = "geo-types"
version = "0.7.2"
source = "registry+https://github.com/rust-lang/crates.io-index"
checksum = "d8bd2e95dd9f5c8ff74159ed9205ad7fd239a9569173a550863976421b45d2bb"
dependencies = [
 "approx",
 "num-traits",
 "rstar",
]

[[package]]
name = "geographiclib-rs"
version = "0.2.0"
source = "registry+https://github.com/rust-lang/crates.io-index"
checksum = "b78e20d5d868fa2c4182a8170cb4df261e781a605810e3c1500269c1907da461"
dependencies = [
 "lazy_static",
]

[[package]]
name = "getrandom"
version = "0.1.16"
source = "registry+https://github.com/rust-lang/crates.io-index"
checksum = "8fc3cb4d91f53b50155bdcfd23f6a4c39ae1969c2ae85982b135750cccaf5fce"
dependencies = [
 "cfg-if",
 "libc",
 "wasi 0.9.0+wasi-snapshot-preview1",
]

[[package]]
name = "getrandom"
version = "0.2.3"
source = "registry+https://github.com/rust-lang/crates.io-index"
checksum = "7fcd999463524c52659517fe2cea98493cfe485d10565e7b0fb07dbba7ad2753"
dependencies = [
 "cfg-if",
 "libc",
 "wasi 0.10.2+wasi-snapshot-preview1",
]

[[package]]
name = "gif"
version = "0.11.3"
source = "registry+https://github.com/rust-lang/crates.io-index"
checksum = "c3a7187e78088aead22ceedeee99779455b23fc231fe13ec443f99bb71694e5b"
dependencies = [
 "color_quant",
 "weezl",
]

[[package]]
name = "glam"
version = "0.14.0"
source = "registry+https://github.com/rust-lang/crates.io-index"
checksum = "333928d5eb103c5d4050533cec0384302db6be8ef7d3cebd30ec6a35350353da"

[[package]]
name = "hash32"
version = "0.1.1"
source = "registry+https://github.com/rust-lang/crates.io-index"
checksum = "d4041af86e63ac4298ce40e5cca669066e75b6f1aa3390fe2561ffa5e1d9f4cc"
dependencies = [
 "byteorder",
]

[[package]]
name = "hashbrown"
version = "0.9.1"
source = "registry+https://github.com/rust-lang/crates.io-index"
checksum = "d7afe4a420e3fe79967a00898cc1f4db7c8a49a9333a29f8a4bd76a253d5cd04"
dependencies = [
 "ahash",
]

[[package]]
name = "heapless"
version = "0.6.1"
source = "registry+https://github.com/rust-lang/crates.io-index"
checksum = "634bd4d29cbf24424d0a4bfcbf80c6960129dc24424752a7d1d1390607023422"
dependencies = [
 "as-slice",
 "generic-array 0.14.4",
 "hash32",
 "stable_deref_trait",
]

[[package]]
name = "hermit-abi"
version = "0.1.19"
source = "registry+https://github.com/rust-lang/crates.io-index"
checksum = "62b467343b94ba476dcb2500d242dadbb39557df889310ac77c5d99100aaac33"
dependencies = [
 "libc",
]

[[package]]
name = "hound"
version = "3.4.0"
source = "registry+https://github.com/rust-lang/crates.io-index"
checksum = "8a164bb2ceaeff4f42542bdb847c41517c78a60f5649671b2a07312b6e117549"

[[package]]
name = "image"
version = "0.23.14"
source = "registry+https://github.com/rust-lang/crates.io-index"
checksum = "24ffcb7e7244a9bf19d35bf2883b9c080c4ced3c07a9895572178cdb8f13f6a1"
dependencies = [
 "bytemuck",
 "byteorder",
 "color_quant",
 "gif",
 "jpeg-decoder",
 "num-iter",
 "num-rational",
 "num-traits",
 "png",
 "scoped_threadpool",
 "tiff",
]

[[package]]
name = "jpeg-decoder"
version = "0.1.22"
source = "registry+https://github.com/rust-lang/crates.io-index"
checksum = "229d53d58899083193af11e15917b5640cd40b29ff475a1fe4ef725deb02d0f2"
dependencies = [
 "rayon",
]

[[package]]
name = "lazy_static"
version = "1.4.0"
source = "registry+https://github.com/rust-lang/crates.io-index"
checksum = "e2abad23fbc42b3700f2f279844dc832adb2b2eb069b2df918f455c4e18cc646"

[[package]]
name = "lewton"
version = "0.9.4"
source = "registry+https://github.com/rust-lang/crates.io-index"
checksum = "8d542c1a317036c45c2aa1cf10cc9d403ca91eb2d333ef1a4917e5cb10628bd0"
dependencies = [
 "byteorder",
 "ogg",
 "smallvec 0.6.14",
]

[[package]]
name = "libc"
version = "0.2.112"
source = "registry+https://github.com/rust-lang/crates.io-index"
checksum = "1b03d17f364a3a042d5e5d46b053bbbf82c92c9430c592dd4c064dc6ee997125"

[[package]]
name = "libm"
version = "0.2.1"
source = "registry+https://github.com/rust-lang/crates.io-index"
checksum = "c7d73b3f436185384286bd8098d17ec07c9a7d2388a6599f824d8502b529702a"

[[package]]
name = "log"
version = "0.4.14"
source = "registry+https://github.com/rust-lang/crates.io-index"
checksum = "51b9bbe6c47d51fc3e1a9b945965946b4c44142ab8792c50835a980d362c2710"
dependencies = [
 "cfg-if",
]

[[package]]
name = "lyon"
version = "0.17.10"
source = "registry+https://github.com/rust-lang/crates.io-index"
checksum = "cf0510ed5e3e2fb80f3db2061ef5ca92d87bfda1a624bb1eacf3bd50226e4cbb"
dependencies = [
 "lyon_algorithms",
 "lyon_tessellation",
]

[[package]]
name = "lyon_algorithms"
version = "0.17.7"
source = "registry+https://github.com/rust-lang/crates.io-index"
checksum = "8037f716541ba0d84d3de05c0069f8068baf73990d55980558b84d944c8a244a"
dependencies = [
 "lyon_path",
 "sid",
]

[[package]]
name = "lyon_geom"
version = "0.17.6"
source = "registry+https://github.com/rust-lang/crates.io-index"
checksum = "ce99ce77c22bfd8f39a95b9c749dffbfc3e2491ea30c874764c801a8b1485489"
dependencies = [
 "arrayvec",
 "euclid",
 "num-traits",
]

[[package]]
name = "lyon_path"
version = "0.17.7"
source = "registry+https://github.com/rust-lang/crates.io-index"
checksum = "5b0a59fdf767ca0d887aa61d1b48d4bbf6a124c1a45503593f7d38ab945bfbc0"
dependencies = [
 "lyon_geom",
]

[[package]]
name = "lyon_tessellation"
version = "0.17.10"
source = "registry+https://github.com/rust-lang/crates.io-index"
checksum = "7230e08dd0638048e46f387f255dbe7a7344a3e6705beab53242b5af25635760"
dependencies = [
 "float_next_after",
 "lyon_path",
]

[[package]]
name = "macroquad"
version = "0.3.13"
source = "registry+https://github.com/rust-lang/crates.io-index"
checksum = "8bbc44698249e98c7aedb8eef94b8806b5d68187c0c3d8c2a0912cb9efab1950"
dependencies = [
 "bumpalo",
 "fontdue",
 "glam",
 "image",
 "macroquad_macro",
 "miniquad",
 "quad-rand",
 "quad-snd",
]

[[package]]
name = "macroquad_macro"
version = "0.1.7"
source = "registry+https://github.com/rust-lang/crates.io-index"
checksum = "f5cecfede1e530599c8686f7f2d609489101d3d63741a6dc423afc997ce3fcc8"

[[package]]
name = "maybe-uninit"
version = "2.0.0"
source = "registry+https://github.com/rust-lang/crates.io-index"
checksum = "60302e4db3a61da70c0cb7991976248362f30319e88850c487b9b95bbf059e00"

[[package]]
name = "memoffset"
version = "0.6.5"
source = "registry+https://github.com/rust-lang/crates.io-index"
checksum = "5aa361d4faea93603064a027415f07bd8e1d5c88c9fbf68bf56a285428fd79ce"
dependencies = [
 "autocfg",
]

[[package]]
name = "miniquad"
version = "0.3.0-alpha.42"
source = "registry+https://github.com/rust-lang/crates.io-index"
checksum = "75bba73cbdaa1cb8f7889fcbb083941eae39ad4257d47e0d8e819d1de9963ba0"
dependencies = [
 "sapp-android",
 "sapp-darwin",
 "sapp-dummy",
 "sapp-ios",
 "sapp-linux",
 "sapp-wasm",
 "sapp-windows",
]

[[package]]
name = "miniz_oxide"
version = "0.3.7"
source = "registry+https://github.com/rust-lang/crates.io-index"
checksum = "791daaae1ed6889560f8c4359194f56648355540573244a5448a83ba1ecc7435"
dependencies = [
 "adler32",
]

[[package]]
name = "miniz_oxide"
version = "0.4.4"
source = "registry+https://github.com/rust-lang/crates.io-index"
checksum = "a92518e98c078586bc6c934028adcca4c92a53d6a958196de835170a01d84e4b"
dependencies = [
 "adler",
 "autocfg",
]

[[package]]
name = "ndk-sys"
version = "0.2.2"
source = "registry+https://github.com/rust-lang/crates.io-index"
checksum = "e1bcdd74c20ad5d95aacd60ef9ba40fdf77f767051040541df557b7a9b2a2121"

[[package]]
name = "noise"
version = "0.7.0"
source = "registry+https://github.com/rust-lang/crates.io-index"
checksum = "82051dd6745d5184c6efb7bc8be14892a7f6d4f3ad6dbf754d1c7d7d5fe24b43"
dependencies = [
 "image",
 "rand 0.7.3",
 "rand_xorshift",
]

[[package]]
name = "num-integer"
version = "0.1.44"
source = "registry+https://github.com/rust-lang/crates.io-index"
checksum = "d2cc698a63b549a70bc047073d2949cce27cd1c7b0a4a862d08a8031bc2801db"
dependencies = [
 "autocfg",
 "num-traits",
]

[[package]]
name = "num-iter"
version = "0.1.42"
source = "registry+https://github.com/rust-lang/crates.io-index"
checksum = "b2021c8337a54d21aca0d59a92577a029af9431cb59b909b03252b9c164fad59"
dependencies = [
 "autocfg",
 "num-integer",
 "num-traits",
]

[[package]]
name = "num-rational"
version = "0.3.2"
source = "registry+https://github.com/rust-lang/crates.io-index"
checksum = "12ac428b1cb17fce6f731001d307d351ec70a6d202fc2e60f7d4c5e42d8f4f07"
dependencies = [
 "autocfg",
 "num-integer",
 "num-traits",
]

[[package]]
name = "num-traits"
version = "0.2.14"
source = "registry+https://github.com/rust-lang/crates.io-index"
checksum = "9a64b1ec5cda2586e284722486d802acf1f7dbdc623e2bfc57e65ca1cd099290"
dependencies = [
 "autocfg",
 "libm",
]

[[package]]
name = "num_cpus"
version = "1.13.0"
source = "registry+https://github.com/rust-lang/crates.io-index"
checksum = "05499f3756671c15885fee9034446956fff3f243d6077b91e5767df161f766b3"
dependencies = [
 "hermit-abi",
 "libc",
]

[[package]]
name = "ogg"
version = "0.7.1"
source = "registry+https://github.com/rust-lang/crates.io-index"
checksum = "13e571c3517af9e1729d4c63571a27edd660ade0667973bfc74a67c660c2b651"
dependencies = [
 "byteorder",
]

[[package]]
name = "pdqselect"
version = "0.1.0"
source = "registry+https://github.com/rust-lang/crates.io-index"
checksum = "4ec91767ecc0a0bbe558ce8c9da33c068066c57ecc8bb8477ef8c1ad3ef77c27"

[[package]]
name = "png"
version = "0.16.8"
source = "registry+https://github.com/rust-lang/crates.io-index"
checksum = "3c3287920cb847dee3de33d301c463fba14dda99db24214ddf93f83d3021f4c6"
dependencies = [
 "bitflags",
 "crc32fast",
 "deflate",
 "miniz_oxide 0.3.7",
]

[[package]]
name = "politico"
version = "0.1.0"
dependencies = [
 "frontend",
]

[[package]]
name = "polymap"
version = "0.1.0"
dependencies = [
 "arrayvec",
 "fast_poisson",
 "geo",
 "lyon",
 "macroquad",
 "rand 0.8.4",
 "rayon",
 "voronator",
]

[[package]]
name = "ppv-lite86"
version = "0.2.15"
source = "registry+https://github.com/rust-lang/crates.io-index"
checksum = "ed0cfbc8191465bed66e1718596ee0b0b35d5ee1f41c5df2189d0fe8bde535ba"

[[package]]
name = "proc-macro2"
version = "1.0.34"
source = "registry+https://github.com/rust-lang/crates.io-index"
checksum = "2f84e92c0f7c9d58328b85a78557813e4bd845130db68d7184635344399423b1"
dependencies = [
 "unicode-xid",
]

[[package]]
name = "quad-alsa-sys"
version = "0.3.2"
source = "registry+https://github.com/rust-lang/crates.io-index"
checksum = "c66c2f04a6946293477973d85adc251d502da51c57b08cd9c997f0cfd8dcd4b5"
dependencies = [
 "libc",
]

[[package]]
name = "quad-rand"
version = "0.2.1"
source = "registry+https://github.com/rust-lang/crates.io-index"
checksum = "658fa1faf7a4cc5f057c9ee5ef560f717ad9d8dc66d975267f709624d6e1ab88"

[[package]]
name = "quad-snd"
version = "0.2.3"
source = "registry+https://github.com/rust-lang/crates.io-index"
checksum = "86e0b4259cfd6a317a46df7b7cb4c09a08ba150642e6f6fb7df5a6b3450a0a29"
dependencies = [
 "audir-sles",
 "audrey",
 "libc",
 "quad-alsa-sys",
 "winapi",
]

[[package]]
name = "quote"
version = "1.0.10"
source = "registry+https://github.com/rust-lang/crates.io-index"
checksum = "38bc8cc6a5f2e3655e0899c1b848643b2562f853f114bfec7be120678e3ace05"
dependencies = [
 "proc-macro2",
]

[[package]]
name = "rand"
version = "0.7.3"
source = "registry+https://github.com/rust-lang/crates.io-index"
checksum = "6a6b1679d49b24bbfe0c803429aa1874472f50d9b363131f0e89fc356b544d03"
dependencies = [
 "getrandom 0.1.16",
 "libc",
 "rand_chacha 0.2.2",
 "rand_core 0.5.1",
 "rand_hc 0.2.0",
]

[[package]]
name = "rand"
version = "0.8.4"
source = "registry+https://github.com/rust-lang/crates.io-index"
checksum = "2e7573632e6454cf6b99d7aac4ccca54be06da05aca2ef7423d22d27d4d4bcd8"
dependencies = [
 "libc",
 "rand_chacha 0.3.1",
 "rand_core 0.6.3",
 "rand_hc 0.3.1",
]

[[package]]
name = "rand_chacha"
version = "0.2.2"
source = "registry+https://github.com/rust-lang/crates.io-index"
checksum = "f4c8ed856279c9737206bf725bf36935d8666ead7aa69b52be55af369d193402"
dependencies = [
 "ppv-lite86",
 "rand_core 0.5.1",
]

[[package]]
name = "rand_chacha"
version = "0.3.1"
source = "registry+https://github.com/rust-lang/crates.io-index"
checksum = "e6c10a63a0fa32252be49d21e7709d4d4baf8d231c2dbce1eaa8141b9b127d88"
dependencies = [
 "ppv-lite86",
 "rand_core 0.6.3",
]

[[package]]
name = "rand_core"
version = "0.5.1"
source = "registry+https://github.com/rust-lang/crates.io-index"
checksum = "90bde5296fc891b0cef12a6d03ddccc162ce7b2aff54160af9338f8d40df6d19"
dependencies = [
 "getrandom 0.1.16",
]

[[package]]
name = "rand_core"
version = "0.6.3"
source = "registry+https://github.com/rust-lang/crates.io-index"
checksum = "d34f1408f55294453790c48b2f1ebbb1c5b4b7563eb1f418bcfcfdbb06ebb4e7"
dependencies = [
 "getrandom 0.2.3",
]

[[package]]
name = "rand_distr"
version = "0.4.2"
source = "registry+https://github.com/rust-lang/crates.io-index"
checksum = "964d548f8e7d12e102ef183a0de7e98180c9f8729f555897a857b96e48122d2f"
dependencies = [
 "num-traits",
 "rand 0.8.4",
]

[[package]]
name = "rand_hc"
version = "0.2.0"
source = "registry+https://github.com/rust-lang/crates.io-index"
checksum = "ca3129af7b92a17112d59ad498c6f81eaf463253766b90396d39ea7a39d6613c"
dependencies = [
 "rand_core 0.5.1",
]

[[package]]
name = "rand_hc"
version = "0.3.1"
source = "registry+https://github.com/rust-lang/crates.io-index"
checksum = "d51e9f596de227fda2ea6c84607f5558e196eeaf43c986b724ba4fb8fdf497e7"
dependencies = [
 "rand_core 0.6.3",
]

[[package]]
name = "rand_xorshift"
version = "0.2.0"
source = "registry+https://github.com/rust-lang/crates.io-index"
checksum = "77d416b86801d23dde1aa643023b775c3a462efc0ed96443add11546cdf1dca8"
dependencies = [
 "rand_core 0.5.1",
]

[[package]]
name = "rand_xoshiro"
version = "0.6.0"
source = "registry+https://github.com/rust-lang/crates.io-index"
checksum = "6f97cdb2a36ed4183de61b2f824cc45c9f1037f28afe0a322e9fff4c108b5aaa"
dependencies = [
 "rand_core 0.6.3",
]

[[package]]
name = "rayon"
version = "1.5.1"
source = "registry+https://github.com/rust-lang/crates.io-index"
checksum = "c06aca804d41dbc8ba42dfd964f0d01334eceb64314b9ecf7c5fad5188a06d90"
dependencies = [
 "autocfg",
 "crossbeam-deque",
 "either",
 "rayon-core",
]

[[package]]
name = "rayon-core"
version = "1.9.1"
source = "registry+https://github.com/rust-lang/crates.io-index"
checksum = "d78120e2c850279833f1dd3582f730c4ab53ed95aeaaaa862a2a5c71b1656d8e"
dependencies = [
 "crossbeam-channel",
 "crossbeam-deque",
 "crossbeam-utils",
 "lazy_static",
 "num_cpus",
]

[[package]]
name = "robust"
version = "0.2.3"
source = "registry+https://github.com/rust-lang/crates.io-index"
checksum = "e5864e7ef1a6b7bcf1d6ca3f655e65e724ed3b52546a0d0a663c991522f552ea"

[[package]]
name = "rstar"
version = "0.8.4"
source = "registry+https://github.com/rust-lang/crates.io-index"
checksum = "3a45c0e8804d37e4d97e55c6f258bc9ad9c5ee7b07437009dd152d764949a27c"
dependencies = [
 "heapless",
 "num-traits",
 "pdqselect",
 "smallvec 1.7.0",
]

[[package]]
name = "sapp-android"
version = "0.1.14"
source = "registry+https://github.com/rust-lang/crates.io-index"
checksum = "27c54dc8d8fc38874a0e5cca3a8fba35c7db8e46a3d65f47d0fc999aa48d6a9f"
dependencies = [
 "libc",
 "ndk-sys",
]

[[package]]
name = "sapp-darwin"
version = "0.1.6"
source = "registry+https://github.com/rust-lang/crates.io-index"
checksum = "0310e2445f307468aa13f1cde94d6fba6b8fd329afbb642dedbe3faf1a145f31"
dependencies = [
 "cc",
]

[[package]]
name = "sapp-dummy"
version = "0.1.5"
source = "registry+https://github.com/rust-lang/crates.io-index"
checksum = "66f1ad26a5b6c682b9ca27c66db9aa91002b8d98a82ac7101ded57285215a478"
dependencies = [
 "libc",
]

[[package]]
name = "sapp-ios"
version = "0.1.2"
source = "registry+https://github.com/rust-lang/crates.io-index"
checksum = "081e6e5261c9ac2e938979b6a854a53b439f065fc3c897205ce7e69d3028b4a9"
dependencies = [
 "cc",
]

[[package]]
name = "sapp-linux"
version = "0.1.13"
source = "registry+https://github.com/rust-lang/crates.io-index"
checksum = "bbdb2f8011955c62544d9e626a58333e788810d00bd7411d52b81611b92af142"
dependencies = [
 "libc",
]

[[package]]
name = "sapp-wasm"
version = "0.1.26"
source = "registry+https://github.com/rust-lang/crates.io-index"
checksum = "00e859e8645a3bcb85aecd40bab883438e4105f21b21bccbeac2348760f508bb"

[[package]]
name = "sapp-windows"
version = "0.2.19"
source = "registry+https://github.com/rust-lang/crates.io-index"
checksum = "f3e9a4ab4682752ffcbbacf87b44c75373479331dfe408432280d305e0563c9c"
dependencies = [
 "winapi",
]

[[package]]
name = "scoped_threadpool"
version = "0.1.9"
source = "registry+https://github.com/rust-lang/crates.io-index"
checksum = "1d51f5df5af43ab3f1360b429fa5e0152ac5ce8c0bd6485cae490332e96846a8"

[[package]]
name = "scopeguard"
version = "1.1.0"
source = "registry+https://github.com/rust-lang/crates.io-index"
checksum = "d29ab0c6d3fc0ee92fe66e2d99f700eab17a8d57d1c1d3b748380fb20baa78cd"

[[package]]
name = "serde"
version = "1.0.132"
source = "registry+https://github.com/rust-lang/crates.io-index"
checksum = "8b9875c23cf305cd1fd7eb77234cbb705f21ea6a72c637a5c6db5fe4b8e7f008"

[[package]]
name = "serde_derive"
version = "1.0.132"
source = "registry+https://github.com/rust-lang/crates.io-index"
checksum = "ecc0db5cb2556c0e558887d9bbdcf6ac4471e83ff66cf696e5419024d1606276"
dependencies = [
 "proc-macro2",
 "quote",
 "syn",
]

[[package]]
name = "sid"
version = "0.6.1"
source = "registry+https://github.com/rust-lang/crates.io-index"
checksum = "bd5ac56c121948b4879bba9e519852c211bcdd8f014efff766441deff0b91bdb"
dependencies = [
 "num-traits",
]

[[package]]
name = "smallvec"
version = "0.6.14"
source = "registry+https://github.com/rust-lang/crates.io-index"
checksum = "b97fcaeba89edba30f044a10c6a3cc39df9c3f17d7cd829dd1446cab35f890e0"
dependencies = [
 "maybe-uninit",
]

[[package]]
name = "smallvec"
version = "1.7.0"
source = "registry+https://github.com/rust-lang/crates.io-index"
checksum = "1ecab6c735a6bb4139c0caafd0cc3635748bbb3acf4550e8138122099251f309"

[[package]]
name = "stable_deref_trait"
version = "1.2.0"
source = "registry+https://github.com/rust-lang/crates.io-index"
checksum = "a8f112729512f8e442d81f95a8a7ddf2b7c6b8a1a6f509a95864142b30cab2d3"

[[package]]
name = "syn"
version = "1.0.82"
source = "registry+https://github.com/rust-lang/crates.io-index"
checksum = "8daf5dd0bb60cbd4137b1b587d2fc0ae729bc07cf01cd70b36a1ed5ade3b9d59"
dependencies = [
 "proc-macro2",
 "quote",
 "unicode-xid",
]

[[package]]
name = "tiff"
version = "0.6.1"
source = "registry+https://github.com/rust-lang/crates.io-index"
checksum = "9a53f4706d65497df0c4349241deddf35f84cee19c87ed86ea8ca590f4464437"
dependencies = [
 "jpeg-decoder",
 "miniz_oxide 0.4.4",
 "weezl",
]

[[package]]
name = "toml"
version = "0.5.8"
source = "registry+https://github.com/rust-lang/crates.io-index"
checksum = "a31142970826733df8241ef35dc040ef98c679ab14d7c3e54d827099b3acecaa"
dependencies = [
 "serde",
]

[[package]]
name = "ttf-parser"
version = "0.12.3"
source = "registry+https://github.com/rust-lang/crates.io-index"
checksum = "7ae2f58a822f08abdaf668897e96a5656fe72f5a9ce66422423e8849384872e6"

[[package]]
name = "typenum"
version = "1.14.0"
source = "registry+https://github.com/rust-lang/crates.io-index"
checksum = "b63708a265f51345575b27fe43f9500ad611579e764c79edbc2037b1121959ec"

[[package]]
name = "unicode-xid"
version = "0.2.2"
source = "registry+https://github.com/rust-lang/crates.io-index"
checksum = "8ccb82d61f80a663efe1f787a51b16b5a51e3314d6ac365b08639f52387b33f3"

[[package]]
name = "version_check"
version = "0.9.3"
source = "registry+https://github.com/rust-lang/crates.io-index"
checksum = "5fecdca9a5291cc2b8dcf7dc02453fee791a280f3743cb0905f8822ae463b3fe"

[[package]]
name = "voronator"
version = "0.2.0"
source = "registry+https://github.com/rust-lang/crates.io-index"
checksum = "5b0f1ef1abe8dd4bc04ef6cde7f364b658deca388e9f272fb273baea01f2ecf7"
dependencies = [
 "rayon",
]

[[package]]
name = "wasi"
version = "0.9.0+wasi-snapshot-preview1"
source = "registry+https://github.com/rust-lang/crates.io-index"
checksum = "cccddf32554fecc6acb585f82a32a72e28b48f8c4c1883ddfeeeaa96f7d8e519"

[[package]]
name = "wasi"
version = "0.10.2+wasi-snapshot-preview1"
source = "registry+https://github.com/rust-lang/crates.io-index"
checksum = "fd6fbd9a79829dd1ad0cc20627bf1ed606756a7f77edff7b66b7064f9cb327c6"

[[package]]
name = "weezl"
version = "0.1.5"
source = "registry+https://github.com/rust-lang/crates.io-index"
checksum = "d8b77fdfd5a253be4ab714e4ffa3c49caf146b4de743e97510c0656cf90f1e8e"

[[package]]
name = "winapi"
version = "0.3.9"
source = "registry+https://github.com/rust-lang/crates.io-index"
checksum = "5c839a674fcd7a98952e593242ea400abe93992746761e38641405d28b00f419"
dependencies = [
 "winapi-i686-pc-windows-gnu",
 "winapi-x86_64-pc-windows-gnu",
]

[[package]]
name = "winapi-i686-pc-windows-gnu"
version = "0.4.0"
source = "registry+https://github.com/rust-lang/crates.io-index"
checksum = "ac3b87c63620426dd9b991e5ce0329eff545bccbbb34f3be09ff6fb6ab51b7b6"

[[package]]
name = "winapi-x86_64-pc-windows-gnu"
version = "0.4.0"
source = "registry+https://github.com/rust-lang/crates.io-index"
checksum = "712e227841d057c1ee1cd2fb22fa7e5a5461ae8e48fa2ca79ec42cfc1931183f"

[[package]]
name = "worldgen"
version = "0.1.0"
dependencies = [
 "noise",
 "polymap",
 "rand 0.8.4",
 "serde",
 "serde_derive",
]
